version = 1
revision = 3
requires-python = ">=3.12"

[[package]]
name = "ruff"
version = "0.16.8"
source = { registry = "https://pypi.org/simple" }
sdist = { url = "https://files.pythonhosted.org/packages/ba/78/449cb84790bd5cc3823b2652ee405a4558856e5c4195aee3a16bf7b3eb5d/ruff-0.16.8.tar.gz", hash = "sha256:9247bf92b5f04d825c8639a4fe423ec2e4222acd9222e58412b0dab7e442798b", size = 4938814, upload-time = "2026-09-16T15:54:46.688Z" }
wheels = [
    { url = "https://files.pythonhosted.org/packages/ac/25/6071aabc530e9be7e2c195e8fe3f7aea2735405b6cf447212832d7811831/ruff-0.16.8-py3-none-linux_armv6l.whl", hash = "sha256:6ffbd6d87383c1edf5f6fa890f10200950240d7c1a16052a19a09d3a2307dd38", size = 10048966, upload-time = "2026-09-16T15:53:57.605Z" },
    { url = "https://files.pythonhosted.org/packages/54/98/07f90ecbc74dd5fb5764f11f2bc774d6a7cffef92d2ff5f5b4e9e23c754e/ruff-0.16.8-py3-none-macosx_10_12_x86_64.whl", hash = "sha256:42ed6b878ed61e3acca92f2730a17acff39286944ea82398544696366a6f925e", size = 10165498, upload-time = "2026-09-16T15:54:01.14Z" },
    { url = "https://files.pythonhosted.org/packages/fe/1f/e6a712e3b47cad4a40600134105ed193cb773f618a42eb7ba323cb812cc0/ruff-0.16.8-py3-none-macosx_11_0_arm64.whl", hash = "sha256:7ea781c7f2afba8c6a505ea0fb3f994020249e0c450635f5381286fea6b46170", size = 9830004, upload-time = "2026-09-16T15:54:03.998Z" },
    { url = "https://files.pythonhosted.org/packages/23/f2/311a08776d75d81c7676e20b6b020ae63cbe881fcdc7a8dd64e6e18bdd93/ruff-0.16.8-py3-none-manylinux_2_17_aarch64.manylinux2014_aarch64.whl", hash = "sha256:8efeae3bbe414a5efefda11a792dfb51ef90ac48d50c4830de2f644caf3e8659", size = 9986558, upload-time = "2026-09-16T15:54:06.804Z" },
    { url = "https://files.pythonhosted.org/packages/f3/ed/37b6cb3d3ba8c73e68ae3eb1d502383beb5aa05a582bb7bb3a922f929f54/ruff-0.16.8-py3-none-manylinux_2_17_armv7l.manylinux2014_armv7l.whl", hash = "sha256:3a79b795469fef7fc6e908b218eed2eb17332afd85031db6480dc864560e69b2", size = 9877332, upload-time = "2026-09-16T15:54:09.552Z" },
    { url = "https://files.pythonhosted.org/packages/22/cc/40873a8f36ad084cc540d55fcca7077264d5b13b24659e9180c176fb2b08/ruff-0.16.8-py3-none-manylinux_2_17_i686.manylinux2014_i686.whl", hash = "sha256:3fdc5563cdc50555e6fba39322850860e9267c1b3d12c26a74729d8604c3c812", size = 10507125, upload-time = "2026-09-16T15:54:12.152Z" },
    { url = "https://files.pythonhosted.org/packages/c3/e4/fc91a642b78ccbab6b9477720f3644ae7a10a9bcce69a934679cd64f62bc/ruff-0.16.8-py3-none-manylinux_2_17_ppc64le.manylinux2014_ppc64le.whl", hash = "sha256:34508983c70665578dab88f5223d8e6228307e1135398ca8bfc8b7e9501e282b", size = 11336694, upload-time = "2026-09-16T15:54:15.489Z" },
    { url = "https://files.pythonhosted.org/packages/c2/3d/bbd2a9a600a4e73dc3e7548a249c8d1671273464b55822c6fae50f602dff/ruff-0.16.8-py3-none-manylinux_2_17_s390x.manylinux2014_s390x.whl", hash = "sha256:644bb578569e0ffc575741232bd385dacdd6fbe123f1a729e7a225f54aa3957f", size = 10774448, upload-time = "2026-09-16T15:54:18.16Z" },
    { url = "https://files.pythonhosted.org/packages/1a/41/d83af9879a7b6e8bf5fe16b1da0b134049d2f5d3afac12defb0897cb84bd/ruff-0.16.8-py3-none-manylinux_2_17_x86_64.manylinux2014_x86_64.whl", hash = "sha256:15e7d226246961db9235098333caa13063906d3851136b84c2900b82f5daa1df", size = 10323796, upload-time = "2026-09-16T15:54:20.743Z" },
    { url = "https://files.pythonhosted.org/packages/f5/2c/cefd07bfe914b84943ea769ade8d607bd22750b965d3228eefd7cebd15d0/ruff-0.16.8-py3-none-manylinux_2_31_riscv64.whl", hash = "sha256:a2bf6bc3e9ebdd4449abc6f06cf64b98051a2c61cf94d2fe9596518c881f1a1e", size = 10514115, upload-time = "2026-09-16T15:54:23.497Z" },
    { url = "https://files.pythonhosted.org/packages/f3/9d/76a2e26c79a23be6e6e3664c57bec9e9fc8de155cfb9e4b67ea91b64f9d7/ruff-0.16.8-py3-none-musllinux_1_2_aarch64.whl", hash = "sha256:6ca111ba0849539165e9e59d2b442542f3c1e8060ebbdea82494f1ffbccb1e1f", size = 10072582, upload-time = "2026-09-16T15:54:26.185Z" },
    { url = "https://files.pythonhosted.org/packages/2e/d4/f42edddb39668af1a559ceafa3823aedd65633a48dc9768e775485faa2c1/ruff-0.16.8-py3-none-musllinux_1_2_armv7l.whl", hash = "sha256:359a1e5b495448ee1e91018064382ebc86f90e8aac2fed222c7d0e4e8df85fd2", size = 9879644, upload-time = "2026-09-16T15:54:29.278Z" },
    { url = "https://files.pythonhosted.org/packages/f8/d4/913e3195d95e0378786c6656945c865f534a3560e29139da4882aff630d1/ruff-0.16.8-py3-none-musllinux_1_2_i686.whl", hash = "sha256:59e8f5681349474110b24d62e93cfda6593f5fa3473446ca3705200cac1a08b9", size = 10231569, upload-time = "2026-09-16T15:54:32.036Z" },
    { url = "https://files.pythonhosted.org/packages/2b/c4/8aa6ea0bdcedbd1bf87397e2fc4ed8406448ea5842f8660bc6e5f163039d/ruff-0.16.8-py3-none-musllinux_1_2_x86_64.whl", hash = "sha256:efa3e7a16d1baaa79957888dfdf8be9ef2e44db81cb032af06d76632ab59e773", size = 10663666, upload-time = "2026-09-16T15:54:34.838Z" },
    { url = "https://files.pythonhosted.org/packages/3d/02/7f10ef4700bc223c30a3fdd10631a29830c45524b810a3c7ed947af64591/ruff-0.16.8-py3-none-win32.whl", hash = "sha256:55793ba85c69921e89be061426d91a78652d6e50317c962240922747a4eb713f", size = 10093472, upload-time = "2026-09-16T15:54:37.47Z" },
    { url = "https://files.pythonhosted.org/packages/1e/5d/a509c07d714b6da88f2c518b4637cf6f1d46b074be8f0f1e5fb9ff5126fe/ruff-0.16.8-py3-none-win_amd64.whl", hash = "sha256:a6b85621fd3c81e31fc5f5add09c9c078b430db3595ca632efafdec9e64ebfaa", size = 10586899, upload-time = "2026-09-16T15:54:40.488Z" },
    { url = "https://files.pythonhosted.org/packages/fe/a0/50787329e4f20bf9dc9f6230015d46ec69c51a97ace5bc202dae4755365d/ruff-0.16.8-py3-none-win_arm64.whl", hash = "sha256:d075e820af612102ce217f07cc93e69f9490b10ec13ea85fa87bd03d996cef8a", size = 10386316, upload-time = "2026-09-16T15:54:43.332Z" },
]

[[package]]
name = "vapoursynth"
version = "80"
source = { registry = "https://pypi.org/simple" }
sdist = { url = "https://files.pythonhosted.org/packages/66/22/4e7bb7682495b03470b2f594cbe30b13fb81d7b3378edf359042c9f1f6bf/vapoursynth-80.tar.gz", hash = "sha256:4d03e3ef64df65a855490e6fd77ccc74d5debf89799aea93a6bd08f6a90afeb0", size = 1013493, upload-time = "2026-09-16T08:15:25.624Z" }
wheels = [
    { url = "https://files.pythonhosted.org/packages/35/9b/fcb2288437b99c97cb29eebd106d11c00b5f934e3e692afeec0d80dc4915/vapoursynth-80-cp312-abi3-macosx_13_0_arm64.whl", hash = "sha256:b0d7bc5455e2aced1c7c88d8a0b5a3ae41d1a9bbe38b3d9ecc7cc17c9f692c93", size = 2415070, upload-time = "2026-09-16T08:14:54.654Z" },
    { url = "https://files.pythonhosted.org/packages/b6/2c/97252a30499b125fd2fca522fd7e3bc7ba425048105b239720ba645727dc/vapoursynth-80-cp312-abi3-macosx_13_0_x86_64.whl", hash = "sha256:f341dd1217bafcbf0f80f104ed0083d8b62a413a5a299da08d5ab65eff4e4a4c", size = 5875571, upload-time = "2026-09-16T08:14:56.724Z" },
    { url = "https://files.pythonhosted.org/packages/c9/9f/f7823de4695c14fbde0025164f9993ce70334f28305842c39b4ab8276c2a/vapoursynth-80-cp312-abi3-manylinux_2_27_aarch64.manylinux_2_28_aarch64.whl", hash = "sha256:4ea6eb3a71c3db4c3cf6e005dd5c3ce33ccb786c6d5bedce35db3861ca8eb1ee", size = 3151966, upload-time = "2026-09-16T08:14:58.749Z" },
    { url = "https://files.pythonhosted.org/packages/36/3b/b83e56bcf362535309a4f317ddd73167e10972e23678dbb1edab17c2b80b/vapoursynth-80-cp312-abi3-manylinux_2_27_x86_64.manylinux_2_28_x86_64.whl", hash = "sha256:28489ba081031c1107a59c34f4cf6a7bc5a484a50678dd0e30814a5301237b02", size = 6317173, upload-time = "2026-09-16T08:15:00.756Z" },
    { url = "https://files.pythonhosted.org/packages/b3/d1/d751fb44c361c536b95ddaa66befb6d1afe173e369e23baff88f6a948dbe/vapoursynth-80-cp312-abi3-musllinux_1_2_aarch64.whl", hash = "sha256:96e68bcda0f9026fc52558866156e0f8a7d7302cbadc5bcf62205b391af64dca", size = 3964817, upload-time = "2026-09-16T08:15:02.721Z" },
    { url = "https://files.pythonhosted.org/packages/03/65/e43428909d775d22a8a4657a45c0a2b49656cc1030349816f76186951d28/vapoursynth-80-cp312-abi3-musllinux_1_2_x86_64.whl", hash = "sha256:00eabddb512eef3bbba87824ea29864ecbc916d1713c5dd6192f2cf4e503a695", size = 7157282, upload-time = "2026-09-16T08:15:04.75Z" },
    { url = "https://files.pythonhosted.org/packages/d7/d7/3170055b1d3730baae4e500d55f568c629067cc8e02ef80ef7edf472f444/vapoursynth-80-cp312-abi3-win_amd64.whl", hash = "sha256:7a1475ab0709a007bc54331fd0eea44eb45e2abeb76879e12d6295ff335317dc", size = 23474733, upload-time = "2026-09-16T08:15:07.311Z" },
    { url = "https://files.pythonhosted.org/packages/5c/68/3ad74c196a5a7bd06502a6b8803ec6df95e221dbbef49ebfb07f2b3e7aad/vapoursynth-80-cp315-cp315t-macosx_13_0_arm64.whl", hash = "sha256:12c9633fd33714bad955bb4ca6f52c10a489c280431e6834d84331dc2675fd03", size = 2515760, upload-time = "2026-09-16T08:15:09.752Z" },
    { url = "https://files.pythonhosted.org/packages/ad/68/7d0215ad46a8acf3e5fd531078fe283edaa1394ac17fde58d3c881d52c2a/vapoursynth-80-cp315-cp315t-macosx_13_0_x86_64.whl", hash = "sha256:50f89ddc3e0dd26351626206b6ec116f121af00d48c1726d33e8f80b4f007078", size = 5984324, upload-time = "2026-09-16T08:15:11.69Z" },
    { url = "https://files.pythonhosted.org/packages/3c/f8/0df6d4bc8db744599a3fad02ca38b1e9d5701784e7245d2a976569068f82/vapoursynth-80-cp315-cp315t-manylinux_2_27_aarch64.manylinux_2_28_aarch64.whl", hash = "sha256:bb66792132c33afceb8f77d633535a5cdee91c897e9433fd77888804fd6ec7b0", size = 3220670, upload-time = "2026-09-16T08:15:13.752Z" },
    { url = "https://files.pythonhosted.org/packages/88/c5/a144edc6b4f26fa38fdc77f1fcf351988418e6299bd31212c22ab7bf8370/vapoursynth-80-cp315-cp315t-manylinux_2_27_x86_64.manylinux_2_28_x86_64.whl", hash = "sha256:81dc8b152ba1d129ac4bdcfbe0116275b41ad56071f4e5155072c5d36ae63b5b", size = 6374057, upload-time = "2026-09-16T08:15:15.655Z" },
    { url = "https://files.pythonhosted.org/packages/e4/98/4e3c48da7b0b61bbe0f2a62c35c9c9007e7340efa3d12577476e3f5911b0/vapoursynth-80-cp315-cp315t-musllinux_1_2_aarch64.whl", hash = "sha256:3e00130a16ebc5b714761b95dc614ee6b7657d491c6926a829c4844e02bbd009", size = 4034327, upload-time = "2026-09-16T08:15:17.473Z" },
    { url = "https://files.pythonhosted.org/packages/2c/c0/e89a8ffd5987c1a337315b74bba2c6742cadb543398262c5918e1f2462d6/vapoursynth-80-cp315-cp315t-musllinux_1_2_x86_64.whl", hash = "sha256:47389ec7dabf033a6a31740fe6193e0c8257007712405b6562e371bb84212609", size = 7214973, upload-time = "2026-09-16T08:15:19.637Z" },
    { url = "https://files.pythonhosted.org/packages/c1/1a/136dc3d6c70244004a0aaa49ffffbabeba9d43e331ac3af9ae4349008d70/vapoursynth-80-cp315-cp315t-win_amd64.whl", hash = "sha256:8a65901160f150eaa3e8b02c11c9f3c77c0466f76bdf7edbe2e418698c1d22c9", size = 25101814, upload-time = "2026-09-16T08:15:22.639Z" },
]

[[package]]
name = "vapoursynth-cambi"
version = "1.4.0"
source = { editable = "." }
dependencies = [
    { name = "vapoursynth" },
]

[package.dev-dependencies]
dev = [
    { name = "ruff" },
]

[package.metadata]
requires-dist = [{ name = "vapoursynth", specifier = ">=78" }]

[package.metadata.requires-dev]
dev = [{ name = "ruff", specifier = "==0.16.8" }]
