version = 1
revision = 3
requires-python = ">=3.12"

[[package]]
name = "ruff"
version = "0.16.9"
source = { registry = "https://pypi.org/simple" }
sdist = { url = "https://files.pythonhosted.org/packages/96/bf/c935ca98e73fe8ce65b87ef08a280c0c1e85295d569228c15e87d8fdfaf1/ruff-0.16.9.tar.gz", hash = "sha256:12b625c6cfba78d285d9f48eda5f053374f1e53cb10ef17342a383750db99161", size = 4948764, upload-time = "2026-09-24T20:37:49.416Z" }
wheels = [
    { url = "https://files.pythonhosted.org/packages/0d/26/df51322b52ee1ada7eff2d071ea09d11d5c2d1dcc9f02594f5785c4d1635/ruff-0.16.9-py3-none-linux_armv6l.whl", hash = "sha256:95e6f022090368ab3b824c36276839c53b2adf1a3f4c09fefc33dfc400f6da96", size = 10082922, upload-time = "2026-09-24T20:37:13.045Z" },
    { url = "https://files.pythonhosted.org/packages/a5/27/7bf51f5a7aa375e9f339280a303aab44ca75dc1525f1cdc5991761685b0f/ruff-0.16.9-py3-none-macosx_10_12_x86_64.whl", hash = "sha256:a5f27be168556594a86d2f415db0cf43f5291917849318f873c7e2791f7a8c67", size = 10236360, upload-time = "2026-09-24T20:37:16.049Z" },
    { url = "https://files.pythonhosted.org/packages/b6/63/09659283f92f02dff45809da194a70da2f688d87c55d8875c4fae3536072/ruff-0.16.9-py3-none-macosx_11_0_arm64.whl", hash = "sha256:1632eb1d6197f33bd00b1acbc5b71009e89a8895c158e2d2b03a834fac964ab6", size = 9892940, upload-time = "2026-09-24T20:37:17.957Z" },
    { url = "https://files.pythonhosted.org/packages/24/58/98de1b72ec172f5f8f1731236fe21585b3998bf7dfe9fcc44ae9ba626012/ruff-0.16.9-py3-none-manylinux_2_17_aarch64.manylinux2014_aarch64.whl", hash = "sha256:b3f951b14d865d5952c89d40a5ca07e87abe24fa5453299878411e127748fb1c", size = 10032114, upload-time = "2026-09-24T20:37:19.942Z" },
    { url = "https://files.pythonhosted.org/packages/c8/7d/f1e17c54ab59d4bad1dce8ee3e22a7a1d0ef4745240decacdcf3832b5bb2/ruff-0.16.9-py3-none-manylinux_2_17_armv7l.manylinux2014_armv7l.whl", hash = "sha256:447fc07e1573afff7cb02803462b12b6c8ece7cf10e2cd78565fa6d7a1c0bf8d", size = 9910227, upload-time = "2026-09-24T20:37:21.872Z" },
    { url = "https://files.pythonhosted.org/packages/34/19/436f647a65075bbd3bab2668b3bdaa5120559b294694018cdcefabbbf30b/ruff-0.16.9-py3-none-manylinux_2_17_i686.manylinux2014_i686.whl", hash = "sha256:8a3e039a6a40ed976c491722b60e0ae4a4aa1a86057f540ee7a37a5d19ae9120", size = 10547484, upload-time = "2026-09-24T20:37:24.229Z" },
    { url = "https://files.pythonhosted.org/packages/03/59/38430a6bc2f6d8095447ac39625cf8b6e9344a47e6c26225c8ba1bff3ffb/ruff-0.16.9-py3-none-manylinux_2_17_ppc64le.manylinux2014_ppc64le.whl", hash = "sha256:4684dded7db60aa57cb118fa158630f5feade4af5782903b6053484bdf9bd129", size = 11412367, upload-time = "2026-09-24T20:37:26.307Z" },
    { url = "https://files.pythonhosted.org/packages/c8/bd/bbb6d7fc7f208c8b8c50dd5dc8206e4cfdb1e7a8fb852606a3adf370c880/ruff-0.16.9-py3-none-manylinux_2_17_s390x.manylinux2014_s390x.whl", hash = "sha256:d29c934357e45642fda2f34c0b1f4025b4a6c01e15e4bf0016879d60078a142c", size = 10869787, upload-time = "2026-09-24T20:37:28.35Z" },
    { url = "https://files.pythonhosted.org/packages/bc/b8/9c543074918061abbefc3bd139bee22de35abedb00dde0f2d27288838962/ruff-0.16.9-py3-none-manylinux_2_17_x86_64.manylinux2014_x86_64.whl", hash = "sha256:a21713e629d3e5bdb2f5c2def1cc7f04f47fa8e1a7eb0571b4a28e1da64bc728", size = 10406494, upload-time = "2026-09-24T20:37:30.624Z" },
    { url = "https://files.pythonhosted.org/packages/35/7a/5a8851bd146e7ccf8fd4b003f6c75c11f8fbdb0e60673b45097986b6bf41/ruff-0.16.9-py3-none-manylinux_2_31_riscv64.whl", hash = "sha256:7baa24ef5fc8e77aa93879e1d3f43754a01ae488e869f1ae30cf431afd4d2452", size = 10590083, upload-time = "2026-09-24T20:37:32.439Z" },
    { url = "https://files.pythonhosted.org/packages/87/f0/4c3467188f23f806960b46fa76575a7cd0514c9ba90562650b71efc96980/ruff-0.16.9-py3-none-musllinux_1_2_aarch64.whl", hash = "sha256:a41aac6230aadfaa133bdfa1614488531ffa3e0837567ae04c0da2058a9c0f9e", size = 10119151, upload-time = "2026-09-24T20:37:34.581Z" },
    { url = "https://files.pythonhosted.org/packages/15/34/5a4def5adea572ce6aea0bb64f21f928ee317b80e0db747d7979b01d7261/ruff-0.16.9-py3-none-musllinux_1_2_armv7l.whl", hash = "sha256:c2529fb5896d49115b0e9aa8f887490b34bbe76baf879ec2264ac59406869ce7", size = 9911544, upload-time = "2026-09-24T20:37:36.796Z" },
    { url = "https://files.pythonhosted.org/packages/62/5d/d15ebea7499eef9373318c0ee6ca127832927c6529731f6d48e18dce7ca9/ruff-0.16.9-py3-none-musllinux_1_2_i686.whl", hash = "sha256:41e3870277694177429b56406d65dfbdb2c2802c52b715edaf6a0b829c69d4ee", size = 10269884, upload-time = "2026-09-24T20:37:38.857Z" },
    { url = "https://files.pythonhosted.org/packages/d1/56/c5d3cd119ded7a3c7aba0e961b69cb3df701c91662c98ad694467d060ce1/ruff-0.16.9-py3-none-musllinux_1_2_x86_64.whl", hash = "sha256:8adbe4e58af167f767d7b2ba5e83c42e878350796cf78c2f5e14ab9903a92588", size = 10749366, upload-time = "2026-09-24T20:37:41.042Z" },
    { url = "https://files.pythonhosted.org/packages/ac/fe/734ec7527029ac757ecf821f143c9f3fcf69149c21f53a044a899b430f5a/ruff-0.16.9-py3-none-win32.whl", hash = "sha256:0e1dbc2073624dee6618d41d0098690a7244654af746704b64759e12b6b6b385", size = 10152355, upload-time = "2026-09-24T20:37:43.025Z" },
    { url = "https://files.pythonhosted.org/packages/14/21/26e4643629b3ebb44f0a06f9c9a53058d63d989415f63a9a3c28e2ee7f22/ruff-0.16.9-py3-none-win_amd64.whl", hash = "sha256:6bd40fec8cd4c8a3d4dd589bd8ad4e6320c13c29234159bfd959a40d529d597b", size = 10592965, upload-time = "2026-09-24T20:37:44.944Z" },
    { url = "https://files.pythonhosted.org/packages/51/60/5fb1a39dbb5ae314d5f59bc7348a63c1d5c20f3cd83914c4b5cb0be31d2d/ruff-0.16.9-py3-none-win_arm64.whl", hash = "sha256:ed1a252039200f57a59eebc063b54beabea67bfbaaca0eeaa7f54b5fbcda2284", size = 10458649, upload-time = "2026-09-24T20:37:46.882Z" },
]

[[package]]
name = "vapoursynth"
version = "80"
source = { registry = "https://pypi.org/simple" }
sdist = { url = "https://files.pythonhosted.org/packages/66/22/4e7bb7682495b03470b2f594cbe30b13fb81d7b3378edf359042c9f1f6bf/vapoursynth-80.tar.gz", hash = "sha256:4d03e3ef64df65a855490e6fd77ccc74d5debf89799aea93a6bd08f6a90afeb0", size = 1013493, upload-time = "2026-09-16T08:15:25.624Z" }
wheels = [
    { url = "https://files.pythonhosted.org/packages/35/9b/fcb2288437b99c97cb29eebd106d11c00b5f934e3e692afeec0d80dc4915/vapoursynth-80-cp312-abi3-macosx_13_0_arm64.whl", hash = "sha256:b0d7bc5455e2aced1c7c88d8a0b5a3ae41d1a9bbe38b3d9ecc7cc17c9f692c93", size = 2415070, upload-time = "2026-09-16T08:14:54.654Z" },
    { url = "https://files.pythonhosted.org/packages/b6/2c/97252a30499b125fd2fca522fd7e3bc7ba425048105b239720ba645727dc/vapoursynth-80-cp312-abi3-macosx_13_0_x86_64.whl", hash = "sha256:f341dd1217bafcbf0f80f104ed0083d8b62a413a5a299da08d5ab65eff4e4a4c", size = 5875571, upload-time = "2026-09-16T08:14:56.724Z" },
    { url = "https://files.pythonhosted.org/packages/c9/9f/f7823de4695c14fbde0025164f9993ce70334f28305842c39b4ab8276c2a/vapoursynth-80-cp312-abi3-manylinux_2_27_aarch64.manylinux_2_28_aarch64.whl", hash = "sha256:4ea6eb3a71c3db4c3cf6e005dd5c3ce33ccb786c6d5bedce35db3861ca8eb1ee", size = 3151966, upload-time = "2026-09-16T08:14:58.749Z" },
    { url = "https://files.pythonhosted.org/packages/36/3b/b83e56bcf362535309a4f317ddd73167e10972e23678dbb1edab17c2b80b/vapoursynth-80-cp312-abi3-manylinux_2_27_x86_64.manylinux_2_28_x86_64.whl", hash = "sha256:28489ba081031c1107a59c34f4cf6a7bc5a484a50678dd0e30814a5301237b02", size = 6317173, upload-time = "2026-09-16T08:15:00.756Z" },
    { url = "https://files.pythonhosted.org/packages/b3/d1/d751fb44c361c536b95ddaa66befb6d1afe173e369e23baff88f6a948dbe/vapoursynth-80-cp312-abi3-musllinux_1_2_aarch64.whl", hash = "sha256:96e68bcda0f9026fc52558866156e0f8a7d7302cbadc5bcf62205b391af64dca", size = 3964817, upload-time = "2026-09-16T08:15:02.721Z" },
    { url = "https://files.pythonhosted.org/packages/03/65/e43428909d775d22a8a4657a45c0a2b49656cc1030349816f76186951d28/vapoursynth-80-cp312-abi3-musllinux_1_2_x86_64.whl", hash = "sha256:00eabddb512eef3bbba87824ea29864ecbc916d1713c5dd6192f2cf4e503a695", size = 7157282, upload-time = "2026-09-16T08:15:04.75Z" },
    { url = "https://files.pythonhosted.org/packages/d7/d7/3170055b1d3730baae4e500d55f568c629067cc8e02ef80ef7edf472f444/vapoursynth-80-cp312-abi3-win_amd64.whl", hash = "sha256:7a1475ab0709a007bc54331fd0eea44eb45e2abeb76879e12d6295ff335317dc", size = 23474733, upload-time = "2026-09-16T08:15:07.311Z" },
    { url = "https://files.pythonhosted.org/packages/5c/68/3ad74c196a5a7bd06502a6b8803ec6df95e221dbbef49ebfb07f2b3e7aad/vapoursynth-80-cp315-cp315t-macosx_13_0_arm64.whl", hash = "sha256:12c9633fd33714bad955bb4ca6f52c10a489c280431e6834d84331dc2675fd03", size = 2515760, upload-time = "2026-09-16T08:15:09.752Z" },
    { url = "https://files.pythonhosted.org/packages/ad/68/7d0215ad46a8acf3e5fd531078fe283edaa1394ac17fde58d3c881d52c2a/vapoursynth-80-cp315-cp315t-macosx_13_0_x86_64.whl", hash = "sha256:50f89ddc3e0dd26351626206b6ec116f121af00d48c1726d33e8f80b4f007078", size = 5984324, upload-time = "2026-09-16T08:15:11.69Z" },
    { url = "https://files.pythonhosted.org/packages/3c/f8/0df6d4bc8db744599a3fad02ca38b1e9d5701784e7245d2a976569068f82/vapoursynth-80-cp315-cp315t-manylinux_2_27_aarch64.manylinux_2_28_aarch64.whl", hash = "sha256:bb66792132c33afceb8f77d633535a5cdee91c897e9433fd77888804fd6ec7b0", size = 3220670, upload-time = "2026-09-16T08:15:13.752Z" },
    { url = "https://files.pythonhosted.org/packages/88/c5/a144edc6b4f26fa38fdc77f1fcf351988418e6299bd31212c22ab7bf8370/vapoursynth-80-cp315-cp315t-manylinux_2_27_x86_64.manylinux_2_28_x86_64.whl", hash = "sha256:81dc8b152ba1d129ac4bdcfbe0116275b41ad56071f4e5155072c5d36ae63b5b", size = 6374057, upload-time = "2026-09-16T08:15:15.655Z" },
    { url = "https://files.pythonhosted.org/packages/e4/98/4e3c48da7b0b61bbe0f2a62c35c9c9007e7340efa3d12577476e3f5911b0/vapoursynth-80-cp315-cp315t-musllinux_1_2_aarch64.whl", hash = "sha256:3e00130a16ebc5b714761b95dc614ee6b7657d491c6926a829c4844e02bbd009", size = 4034327, upload-time = "2026-09-16T08:15:17.473Z" },
    { url = "https://files.pythonhosted.org/packages/2c/c0/e89a8ffd5987c1a337315b74bba2c6742cadb543398262c5918e1f2462d6/vapoursynth-80-cp315-cp315t-musllinux_1_2_x86_64.whl", hash = "sha256:47389ec7dabf033a6a31740fe6193e0c8257007712405b6562e371bb84212609", size = 7214973, upload-time = "2026-09-16T08:15:19.637Z" },
    { url = "https://files.pythonhosted.org/packages/c1/1a/136dc3d6c70244004a0aaa49ffffbabeba9d43e331ac3af9ae4349008d70/vapoursynth-80-cp315-cp315t-win_amd64.whl", hash = "sha256:8a65901160f150eaa3e8b02c11c9f3c77c0466f76bdf7edbe2e418698c1d22c9", size = 25101814, upload-time = "2026-09-16T08:15:22.639Z" },
]

[[package]]
name = "vapoursynth-cambi"
version = "1.4.0"
source = { editable = "." }
dependencies = [
    { name = "vapoursynth" },
]

[package.dev-dependencies]
dev = [
    { name = "ruff" },
]

[package.metadata]
requires-dist = [{ name = "vapoursynth", specifier = ">=78" }]

[package.metadata.requires-dev]
dev = [{ name = "ruff", specifier = "==0.16.9" }]
